// !$*UTF8*$!
{
	archiveVersion = 1;
	classes = {
	};
	objectVersion = 46;
	objects = {

/* Begin PBXBuildFile section */
		BE10A8A21DBF518B00B1C4C3 /* AppDelegate.swift in Sources */ = {isa = PBXBuildFile; fileRef = BE10A8A11DBF518B00B1C4C3 /* AppDelegate.swift */; };
		BE10A8A41DBF518B00B1C4C3 /* Assets.xcassets in Resources */ = {isa = PBXBuildFile; fileRef = BE10A8A31DBF518B00B1C4C3 /* Assets.xcassets */; };
		BE10A8A71DBF518B00B1C4C3 /* MainMenu.xib in Resources */ = {isa = PBXBuildFile; fileRef = BE10A8A51DBF518B00B1C4C3 /* MainMenu.xib */; };
		BE10A8B51DBF51C200B1C4C3 /* Cocoa.framework in Frameworks */ = {isa = PBXBuildFile; fileRef = BE10A8B41DBF51C200B1C4C3 /* Cocoa.framework */; };
		BE10A8BA1DBF51C200B1C4C3 /* SourceEditorExtension.swift in Sources */ = {isa = PBXBuildFile; fileRef = BE10A8B91DBF51C200B1C4C3 /* SourceEditorExtension.swift */; };
		BE10A8BC1DBF51C200B1C4C3 /* SourceEditorCommand.swift in Sources */ = {isa = PBXBuildFile; fileRef = BE10A8BB1DBF51C200B1C4C3 /* SourceEditorCommand.swift */; };
		BE10A8C01DBF51C200B1C4C3 /* Propertizer.appex in Embed App Extensions */ = {isa = PBXBuildFile; fileRef = BE10A8B21DBF51C200B1C4C3 /* Propertizer.appex */; settings = {ATTRIBUTES = (RemoveHeadersOnCopy, ); }; };
/* End PBXBuildFile section */

/* Begin PBXContainerItemProxy section */
		BE10A8BE1DBF51C200B1C4C3 /* PBXContainerItemProxy */ = {
			isa = PBXContainerItemProxy;
			containerPortal = BE10A8961DBF518A00B1C4C3 /* Project object */;
			proxyType = 1;
			remoteGlobalIDString = BE10A8B11DBF51C200B1C4C3;
			remoteInfo = Propertizer;
		};
/* End PBXContainerItemProxy section */

/* Begin PBXCopyFilesBuildPhase section */
		BE10A8C41DBF51C200B1C4C3 /* Embed App Extensions */ = {
			isa = PBXCopyFilesBuildPhase;
			buildActionMask = 2147483647;
			dstPath = "";
			dstSubfolderSpec = 13;
			files = (
				BE10A8C01DBF51C200B1C4C3 /* Propertizer.appex in Embed App Extensions */,
			);
			name = "Embed App Extensions";
			runOnlyForDeploymentPostprocessing = 0;
		};
/* End PBXCopyFilesBuildPhase section */

/* Begin PBXFileReference section */
		BE10A89E1DBF518B00B1C4C3 /* PropertyAutocomplete.app */ = {isa = PBXFileReference; explicitFileType = wrapper.application; includeInIndex = 0; path = PropertyAutocomplete.app; sourceTree = BUILT_PRODUCTS_DIR; };
		BE10A8A11DBF518B00B1C4C3 /* AppDelegate.swift */ = {isa = PBXFileReference; lastKnownFileType = sourcecode.swift; path = AppDelegate.swift; sourceTree = "<group>"; };
		BE10A8A31DBF518B00B1C4C3 /* Assets.xcassets */ = {isa = PBXFileReference; lastKnownFileType = folder.assetcatalog; path = Assets.xcassets; sourceTree = "<group>"; };
		BE10A8A61DBF518B00B1C4C3 /* Base */ = {isa = PBXFileReference; lastKnownFileType = file.xib; name = Base; path = Base.lproj/MainMenu.xib; sourceTree = "<group>"; };
		BE10A8A81DBF518B00B1C4C3 /* Info.plist */ = {isa = PBXFileReference; lastKnownFileType = text.plist.xml; path = Info.plist; sourceTree = "<group>"; };
		BE10A8B21DBF51C200B1C4C3 /* Propertizer.appex */ = {isa = PBXFileReference; explicitFileType = "wrapper.app-extension"; includeInIndex = 0; path = Propertizer.appex; sourceTree = BUILT_PRODUCTS_DIR; };
		BE10A8B41DBF51C200B1C4C3 /* Cocoa.framework */ = {isa = PBXFileReference; lastKnownFileType = wrapper.framework; name = Cocoa.framework; path = System/Library/Frameworks/Cocoa.framework; sourceTree = SDKROOT; };
		BE10A8B81DBF51C200B1C4C3 /* Propertizer.entitlements */ = {isa = PBXFileReference; lastKnownFileType = text.plist.entitlements; path = Propertizer.entitlements; sourceTree = "<group>"; };
		BE10A8B91DBF51C200B1C4C3 /* SourceEditorExtension.swift */ = {isa = PBXFileReference; lastKnownFileType = sourcecode.swift; path = SourceEditorExtension.swift; sourceTree = "<group>"; };
		BE10A8BB1DBF51C200B1C4C3 /* SourceEditorCommand.swift */ = {isa = PBXFileReference; lastKnownFileType = sourcecode.swift; path = SourceEditorCommand.swift; sourceTree = "<group>"; };
		BE10A8BD1DBF51C200B1C4C3 /* Info.plist */ = {isa = PBXFileReference; lastKnownFileType = text.plist.xml; path = Info.plist; sourceTree = "<group>"; };
/* End PBXFileReference section */

/* Begin PBXFrameworksBuildPhase section */
		BE10A89B1DBF518B00B1C4C3 /* Frameworks */ = {
			isa = PBXFrameworksBuildPhase;
			buildActionMask = 2147483647;
			files = (
			);
			runOnlyForDeploymentPostprocessing = 0;
		};
		BE10A8AF1DBF51C200B1C4C3 /* Frameworks */ = {
			isa = PBXFrameworksBuildPhase;
			buildActionMask = 2147483647;
			files = (
				BE10A8B51DBF51C200B1C4C3 /* Cocoa.framework in Frameworks */,
			);
			runOnlyForDeploymentPostprocessing = 0;
		};
/* End PBXFrameworksBuildPhase section */

/* Begin PBXGroup section */
		BE10A8951DBF518A00B1C4C3 = {
			isa = PBXGroup;
			children = (
				BE10A8A01DBF518B00B1C4C3 /* PropertyAutocomplete */,
				BE10A8B61DBF51C200B1C4C3 /* Propertizer */,
				BE10A8B31DBF51C200B1C4C3 /* Frameworks */,
				BE10A89F1DBF518B00B1C4C3 /* Products */,
			);
			sourceTree = "<group>";
		};
		BE10A89F1DBF518B00B1C4C3 /* Products */ = {
			isa = PBXGroup;
			children = (
				BE10A89E1DBF518B00B1C4C3 /* PropertyAutocomplete.app */,
				BE10A8B21DBF51C200B1C4C3 /* Propertizer.appex */,
			);
			name = Products;
			sourceTree = "<group>";
		};
		BE10A8A01DBF518B00B1C4C3 /* PropertyAutocomplete */ = {
			isa = PBXGroup;
			children = (
				BE10A8A11DBF518B00B1C4C3 /* AppDelegate.swift */,
				BE10A8A31DBF518B00B1C4C3 /* Assets.xcassets */,
				BE10A8A51DBF518B00B1C4C3 /* MainMenu.xib */,
				BE10A8A81DBF518B00B1C4C3 /* Info.plist */,
			);
			path = PropertyAutocomplete;
			sourceTree = "<group>";
		};
		BE10A8B31DBF51C200B1C4C3 /* Frameworks */ = {
			isa = PBXGroup;
			children = (
				BE10A8B41DBF51C200B1C4C3 /* Cocoa.framework */,
			);
			name = Frameworks;
			sourceTree = "<group>";
		};
		BE10A8B61DBF51C200B1C4C3 /* Propertizer */ = {
			isa = PBXGroup;
			children = (
				BE10A8B91DBF51C200B1C4C3 /* SourceEditorExtension.swift */,
				BE10A8BB1DBF51C200B1C4C3 /* SourceEditorCommand.swift */,
				BE10A8BD1DBF51C200B1C4C3 /* Info.plist */,
				BE10A8B71DBF51C200B1C4C3 /* Supporting Files */,
			);
			path = Propertizer;
			sourceTree = "<group>";
		};
		BE10A8B71DBF51C200B1C4C3 /* Supporting Files */ = {
			isa = PBXGroup;
			children = (
				BE10A8B81DBF51C200B1C4C3 /* Propertizer.entitlements */,
			);
			name = "Supporting Files";
			sourceTree = "<group>";
		};
/* End PBXGroup section */

/* Begin PBXNativeTarget section */
		BE10A89D1DBF518B00B1C4C3 /* PropertyAutocomplete */ = {
			isa = PBXNativeTarget;
			buildConfigurationList = BE10A8AB1DBF518B00B1C4C3 /* Build configuration list for PBXNativeTarget "PropertyAutocomplete" */;
			buildPhases = (
				BE10A89A1DBF518B00B1C4C3 /* Sources */,
				BE10A89B1DBF518B00B1C4C3 /* Frameworks */,
				BE10A89C1DBF518B00B1C4C3 /* Resources */,
				BE10A8C41DBF51C200B1C4C3 /* Embed App Extensions */,
			);
			buildRules = (
			);
			dependencies = (
				BE10A8BF1DBF51C200B1C4C3 /* PBXTargetDependency */,
			);
			name = PropertyAutocomplete;
			productName = PropertyAutocomplete;
			productReference = BE10A89E1DBF518B00B1C4C3 /* PropertyAutocomplete.app */;
			productType = "com.apple.product-type.application";
		};
		BE10A8B11DBF51C200B1C4C3 /* Propertizer */ = {
			isa = PBXNativeTarget;
			buildConfigurationList = BE10A8C11DBF51C200B1C4C3 /* Build configuration list for PBXNativeTarget "Propertizer" */;
			buildPhases = (
				BE10A8AE1DBF51C200B1C4C3 /* Sources */,
				BE10A8AF1DBF51C200B1C4C3 /* Frameworks */,
				BE10A8B01DBF51C200B1C4C3 /* Resources */,
			);
			buildRules = (
			);
			dependencies = (
			);
			name = Propertizer;
			productName = Propertizer;
			productReference = BE10A8B21DBF51C200B1C4C3 /* Propertizer.appex */;
			productType = "com.apple.product-type.xcode-extension";
		};
/* End PBXNativeTarget section */

/* Begin PBXProject section */
		BE10A8961DBF518A00B1C4C3 /* Project object */ = {
			isa = PBXProject;
			attributes = {
				LastSwiftUpdateCheck = 0800;
				LastUpgradeCheck = 0800;
				ORGANIZATIONNAME = "Josip Bernat";
				TargetAttributes = {
					BE10A89D1DBF518B00B1C4C3 = {
						CreatedOnToolsVersion = 8.0;
						DevelopmentTeam = 2TNEL949ZZ;
						ProvisioningStyle = Automatic;
					};
					BE10A8B11DBF51C200B1C4C3 = {
						CreatedOnToolsVersion = 8.0;
						DevelopmentTeam = 2TNEL949ZZ;
						ProvisioningStyle = Automatic;
					};
				};
			};
			buildConfigurationList = BE10A8991DBF518A00B1C4C3 /* Build configuration list for PBXProject "PropertyAutocomplete" */;
			compatibilityVersion = "Xcode 3.2";
			developmentRegion = English;
			hasScannedForEncodings = 0;
			knownRegions = (
				en,
				Base,
			);
			mainGroup = BE10A8951DBF518A00B1C4C3;
			productRefGroup = BE10A89F1DBF518B00B1C4C3 /* Products */;
			projectDirPath = "";
			projectRoot = "";
			targets = (
				BE10A89D1DBF518B00B1C4C3 /* PropertyAutocomplete */,
				BE10A8B11DBF51C200B1C4C3 /* Propertizer */,
			);
		};
/* End PBXProject section */

/* Begin PBXResourcesBuildPhase section */
		BE10A89C1DBF518B00B1C4C3 /* Resources */ = {
			isa = PBXResourcesBuildPhase;
			buildActionMask = 2147483647;
			files = (
				BE10A8A41DBF518B00B1C4C3 /* Assets.xcassets in Resources */,
				BE10A8A71DBF518B00B1C4C3 /* MainMenu.xib in Resources */,
			);
			runOnlyForDeploymentPostprocessing = 0;
		};
		BE10A8B01DBF51C200B1C4C3 /* Resources */ = {
			isa = PBXResourcesBuildPhase;
			buildActionMask = 2147483647;
			files = (
			);
			runOnlyForDeploymentPostprocessing = 0;
		};
/* End PBXResourcesBuildPhase section */

/* Begin PBXSourcesBuildPhase section */
		BE10A89A1DBF518B00B1C4C3 /* Sources */ = {
			isa = PBXSourcesBuildPhase;
			buildActionMask = 2147483647;
			files = (
				BE10A8A21DBF518B00B1C4C3 /* AppDelegate.swift in Sources */,
			);
			runOnlyForDeploymentPostprocessing = 0;
		};
		BE10A8AE1DBF51C200B1C4C3 /* Sources */ = {
			isa = PBXSourcesBuildPhase;
			buildActionMask = 2147483647;
			files = (
				BE10A8BA1DBF51C200B1C4C3 /* SourceEditorExtension.swift in Sources */,
				BE10A8BC1DBF51C200B1C4C3 /* SourceEditorCommand.swift in Sources */,
			);
			runOnlyForDeploymentPostprocessing = 0;
		};
/* End PBXSourcesBuildPhase section */

/* Begin PBXTargetDependency section */
		BE10A8BF1DBF51C200B1C4C3 /* PBXTargetDependency */ = {
			isa = PBXTargetDependency;
			target = BE10A8B11DBF51C200B1C4C3 /* Propertizer */;
			targetProxy = BE10A8BE1DBF51C200B1C4C3 /* PBXContainerItemProxy */;
		};
/* End PBXTargetDependency section */

/* Begin PBXVariantGroup section */
		BE10A8A51DBF518B00B1C4C3 /* MainMenu.xib */ = {
			isa = PBXVariantGroup;
			children = (
				BE10A8A61DBF518B00B1C4C3 /* Base */,
			);
			name = MainMenu.xib;
			sourceTree = "<group>";
		};
/* End PBXVariantGroup section */

/* Begin XCBuildConfiguration section */
		BE10A8A91DBF518B00B1C4C3 /* Debug */ = {
			isa = XCBuildConfiguration;
			buildSettings = {
				ALWAYS_SEARCH_USER_PATHS = NO;
				CLANG_ANALYZER_NONNULL = YES;
				CLANG_CXX_LANGUAGE_STANDARD = "gnu++0x";
				CLANG_CXX_LIBRARY = "libc++";
				CLANG_ENABLE_MODULES = YES;
				CLANG_ENABLE_OBJC_ARC = YES;
				CLANG_WARN_BOOL_CONVERSION = YES;
				CLANG_WARN_CONSTANT_CONVERSION = YES;
				CLANG_WARN_DIRECT_OBJC_ISA_USAGE = YES_ERROR;
				CLANG_WARN_DOCUMENTATION_COMMENTS = YES;
				CLANG_WARN_EMPTY_BODY = YES;
				CLANG_WARN_ENUM_CONVERSION = YES;
				CLANG_WARN_INFINITE_RECURSION = YES;
				CLANG_WARN_INT_CONVERSION = YES;
				CLANG_WARN_OBJC_ROOT_CLASS = YES_ERROR;
				CLANG_WARN_SUSPICIOUS_MOVES = YES;
				CLANG_WARN_UNREACHABLE_CODE = YES;
				CLANG_WARN__DUPLICATE_METHOD_MATCH = YES;
				CODE_SIGN_IDENTITY = "-";
				COPY_PHASE_STRIP = NO;
				DEBUG_INFORMATION_FORMAT = dwarf;
				ENABLE_STRICT_OBJC_MSGSEND = YES;
				ENABLE_TESTABILITY = YES;
				GCC_C_LANGUAGE_STANDARD = gnu99;
				GCC_DYNAMIC_NO_PIC = NO;
				GCC_NO_COMMON_BLOCKS = YES;
				GCC_OPTIMIZATION_LEVEL = 0;
				GCC_PREPROCESSOR_DEFINITIONS = (
					"DEBUG=1",
					"$(inherited)",
				);
				GCC_WARN_64_TO_32_BIT_CONVERSION = YES;
				GCC_WARN_ABOUT_RETURN_TYPE = YES_ERROR;
				GCC_WARN_UNDECLARED_SELECTOR = YES;
				GCC_WARN_UNINITIALIZED_AUTOS = YES_AGGRESSIVE;
				GCC_WARN_UNUSED_FUNCTION = YES;
				GCC_WARN_UNUSED_VARIABLE = YES;
				MACOSX_DEPLOYMENT_TARGET = 10.12;
				MTL_ENABLE_DEBUG_INFO = YES;
				ONLY_ACTIVE_ARCH = YES;
				SDKROOT = macosx;
				SWIFT_ACTIVE_COMPILATION_CONDITIONS = DEBUG;
				SWIFT_OPTIMIZATION_LEVEL = "-Onone";
			};
			name = Debug;
		};
		BE10A8AA1DBF518B00B1C4C3 /* Release */ = {
			isa = XCBuildConfiguration;
			buildSettings = {
				ALWAYS_SEARCH_USER_PATHS = NO;
				CLANG_ANALYZER_NONNULL = YES;
				CLANG_CXX_LANGUAGE_STANDARD = "gnu++0x";
				CLANG_CXX_LIBRARY = "libc++";
				CLANG_ENABLE_MODULES = YES;
				CLANG_ENABLE_OBJC_ARC = YES;
				CLANG_WARN_BOOL_CONVERSION = YES;
				CLANG_WARN_CONSTANT_CONVERSION = YES;
				CLANG_WARN_DIRECT_OBJC_ISA_USAGE = YES_ERROR;
				CLANG_WARN_DOCUMENTATION_COMMENTS = YES;
				CLANG_WARN_EMPTY_BODY = YES;
				CLANG_WARN_ENUM_CONVERSION = YES;
				CLANG_WARN_INFINITE_RECURSION = YES;
				CLANG_WARN_INT_CONVERSION = YES;
				CLANG_WARN_OBJC_ROOT_CLASS = YES_ERROR;
				CLANG_WARN_SUSPICIOUS_MOVES = YES;
				CLANG_WARN_UNREACHABLE_CODE = YES;
				CLANG_WARN__DUPLICATE_METHOD_MATCH = YES;
				CODE_SIGN_IDENTITY = "-";
				COPY_PHASE_STRIP = NO;
				DEBUG_INFORMATION_FORMAT = "dwarf-with-dsym";
				ENABLE_NS_ASSERTIONS = NO;
				ENABLE_STRICT_OBJC_MSGSEND = YES;
				GCC_C_LANGUAGE_STANDARD = gnu99;
				GCC_NO_COMMON_BLOCKS = YES;
				GCC_WARN_64_TO_32_BIT_CONVERSION = YES;
				GCC_WARN_ABOUT_RETURN_TYPE = YES_ERROR;
				GCC_WARN_UNDECLARED_SELECTOR = YES;
				GCC_WARN_UNINITIALIZED_AUTOS = YES_AGGRESSIVE;
				GCC_WARN_UNUSED_FUNCTION = YES;
				GCC_WARN_UNUSED_VARIABLE = YES;
				MACOSX_DEPLOYMENT_TARGET = 10.12;
				MTL_ENABLE_DEBUG_INFO = NO;
				SDKROOT = macosx;
				SWIFT_OPTIMIZATION_LEVEL = "-Owholemodule";
			};
			name = Release;
		};
		BE10A8AC1DBF518B00B1C4C3 /* Debug */ = {
			isa = XCBuildConfiguration;
			buildSettings = {
				ALWAYS_EMBED_SWIFT_STANDARD_LIBRARIES = YES;
				ASSETCATALOG_COMPILER_APPICON_NAME = AppIcon;
				CODE_SIGN_IDENTITY = "Mac Developer";
				COMBINE_HIDPI_IMAGES = YES;
				DEVELOPMENT_TEAM = 2TNEL949ZZ;
				INFOPLIST_FILE = PropertyAutocomplete/Info.plist;
				LD_RUNPATH_SEARCH_PATHS = "$(inherited) @executable_path/../Frameworks";
				PRODUCT_BUNDLE_IDENTIFIER = com.josipbernat.PropertyAutocomplete;
				PRODUCT_NAME = "$(TARGET_NAME)";
				SWIFT_VERSION = 3.0;
			};
			name = Debug;
		};
		BE10A8AD1DBF518B00B1C4C3 /* Release */ = {
			isa = XCBuildConfiguration;
			buildSettings = {
				ALWAYS_EMBED_SWIFT_STANDARD_LIBRARIES = YES;
				ASSETCATALOG_COMPILER_APPICON_NAME = AppIcon;
				CODE_SIGN_IDENTITY = "Mac Developer";
				COMBINE_HIDPI_IMAGES = YES;
				DEVELOPMENT_TEAM = 2TNEL949ZZ;
				INFOPLIST_FILE = PropertyAutocomplete/Info.plist;
				LD_RUNPATH_SEARCH_PATHS = "$(inherited) @executable_path/../Frameworks";
				PRODUCT_BUNDLE_IDENTIFIER = com.josipbernat.PropertyAutocomplete;
				PRODUCT_NAME = "$(TARGET_NAME)";
				SWIFT_VERSION = 3.0;
			};
			name = Release;
		};
		BE10A8C21DBF51C200B1C4C3 /* Debug */ = {
			isa = XCBuildConfiguration;
			buildSettings = {
				CODE_SIGN_ENTITLEMENTS = Propertizer/Propertizer.entitlements;
				CODE_SIGN_IDENTITY = "Mac Developer";
				COMBINE_HIDPI_IMAGES = YES;
				DEVELOPMENT_TEAM = 2TNEL949ZZ;
				INFOPLIST_FILE = Propertizer/Info.plist;
				LD_RUNPATH_SEARCH_PATHS = "$(inherited) @executable_path/../Frameworks @executable_path/../../../../Frameworks";
				MACOSX_DEPLOYMENT_TARGET = 10.11;
				PRODUCT_BUNDLE_IDENTIFIER = com.josipbernat.PropertyAutocomplete.Propertizer;
				PRODUCT_NAME = "$(TARGET_NAME)";
				SKIP_INSTALL = YES;
				SWIFT_VERSION = 3.0;
			};
			name = Debug;
		};
		BE10A8C31DBF51C200B1C4C3 /* Release */ = {
			isa = XCBuildConfiguration;
			buildSettings = {
				CODE_SIGN_ENTITLEMENTS = Propertizer/Propertizer.entitlements;
				CODE_SIGN_IDENTITY = "Mac Developer";
				COMBINE_HIDPI_IMAGES = YES;
				DEVELOPMENT_TEAM = 2TNEL949ZZ;
				INFOPLIST_FILE = Propertizer/Info.plist;
				LD_RUNPATH_SEARCH_PATHS = "$(inherited) @executable_path/../Frameworks @executable_path/../../../../Frameworks";
				MACOSX_DEPLOYMENT_TARGET = 10.11;
				PRODUCT_BUNDLE_IDENTIFIER = com.josipbernat.PropertyAutocomplete.Propertizer;
				PRODUCT_NAME = "$(TARGET_NAME)";
				SKIP_INSTALL = YES;
				SWIFT_VERSION = 3.0;
			};
			name = Release;
		};
/* End XCBuildConfiguration section */

/* Begin XCConfigurationList section */
		BE10A8991DBF518A00B1C4C3 /* Build configuration list for PBXProject "PropertyAutocomplete" */ = {
			isa = XCConfigurationList;
			buildConfigurations = (
				BE10A8A91DBF518B00B1C4C3 /* Debug */,
				BE10A8AA1DBF518B00B1C4C3 /* Release */,
			);
			defaultConfigurationIsVisible = 0;
			defaultConfigurationName = Release;
		};
		BE10A8AB1DBF518B00B1C4C3 /* Build configuration list for PBXNativeTarget "PropertyAutocomplete" */ = {
			isa = XCConfigurationList;
			buildConfigurations = (
				BE10A8AC1DBF518B00B1C4C3 /* Debug */,
				BE10A8AD1DBF518B00B1C4C3 /* Release */,
			);
			defaultConfigurationIsVisible = 0;
			defaultConfigurationName = Release;
		};
		BE10A8C11DBF51C200B1C4C3 /* Build configuration list for PBXNativeTarget "Propertizer" */ = {
			isa = XCConfigurationList;
			buildConfigurations = (
				BE10A8C21DBF51C200B1C4C3 /* Debug */,
				BE10A8C31DBF51C200B1C4C3 /* Release */,
			);
			defaultConfigurationIsVisible = 0;
			defaultConfigurationName = Release;
		};
/* End XCConfigurationList section */
	};
	rootObject = BE10A8961DBF518A00B1C4C3 /* Project object */;
}
